
Microsoft Visual Studio Solution File, Format Version 12.00
# Visual Studio Version 17
VisualStudioVersion = 17.8.34525.116
MinimumVisualStudioVersion = 10.0.40219.1
Project("{9A19103F-16F7-4668-BE54-9A1E7A4F7556}") = "BMS.Server", "BMS.Server\BMS.Server.csproj", "{A6996D35-53EE-48E2-9482-829E9C455183}"
EndProject
Project("{9A19103F-16F7-4668-BE54-9A1E7A4F7556}") = "BMS.Client", "BMS.Client\BMS.Client.csproj", "{83BAE018-18B3-4743-B671-11A84CD2AD2C}"
EndProject
Global
	GlobalSection(SolutionConfigurationPlatforms) = preSolution
		Debug|Any CPU = Debug|Any CPU
		Release|Any CPU = Release|Any CPU
	EndGlobalSection
	GlobalSection(ProjectConfigurationPlatforms) = postSolution
		{A6996D35-53EE-48E2-9482-829E9C455183}.Debug|Any CPU.ActiveCfg = Debug|Any CPU
		{A6996D35-53EE-48E2-9482-829E9C455183}.Debug|Any CPU.Build.0 = Debug|Any CPU
		{A6996D35-53EE-48E2-9482-829E9C455183}.Release|Any CPU.ActiveCfg = Release|Any CPU
		{A6996D35-53EE-48E2-9482-829E9C455183}.Release|Any CPU.Build.0 = Release|Any CPU
		{83BAE018-18B3-4743-B671-11A84CD2AD2C}.Debug|Any CPU.ActiveCfg = Debug|Any CPU
		{83BAE018-18B3-4743-B671-11A84CD2AD2C}.Debug|Any CPU.Build.0 = Debug|Any CPU
		{83BAE018-18B3-4743-B671-11A84CD2AD2C}.Release|Any CPU.ActiveCfg = Release|Any CPU
		{83BAE018-18B3-4743-B671-11A84CD2AD2C}.Release|Any CPU.Build.0 = Release|Any CPU
	EndGlobalSection
	GlobalSection(SolutionProperties) = preSolution
		HideSolutionNode = FALSE
	EndGlobalSection
	GlobalSection(ExtensibilityGlobals) = postSolution
		SolutionGuid = {614E229F-C0E6-46E2-8368-03EB5ABB4F59}
	EndGlobalSection
EndGlobal
